{
    "version": 3,
    "terraform_version": "0.10.7",
    "serial": 5,
    "lineage": "4752f850-b1b2-4394-a0a8-d5f87c46f635",
    "modules": [
        {
            "path": [
                "root"
            ],
            "outputs": {
                "sgt_app_secret_id": {
                    "sensitive": false,
                    "type": "string",
                    "value": "sgt_app_secret"
                },
                "sgt_node_secret_id": {
                    "sensitive": false,
                    "type": "string",
                    "value": "sgt_node_secret"
                }
            },
            "resources": {},
            "depends_on": []
        },
        {
            "path": [
                "root",
                "secrets"
            ],
            "outputs": {
                "sgt_app_secret_id": {
                    "sensitive": false,
                    "type": "string",
                    "value": "sgt_app_secret"
                },
                "sgt_node_secret_id": {
                    "sensitive": false,
                    "type": "string",
                    "value": "sgt_node_secret"
                }
            },
            "resources": {
                "aws_ssm_parameter.sgt_app_secret": {
                    "type": "aws_ssm_parameter",
                    "depends_on": [],
                    "primary": {
                        "id": "sgt_app_secret",
                        "attributes": {
                            "id": "sgt_app_secret",
                            "name": "sgt_app_secret",
                            "overwrite": "true",
                            "type": "SecureString",
                            "value": "lkjerpoijasdpoiejrpasodifjaspodiuerasdfapsoierjasdpooiejra"
                        },
                        "meta": {},
                        "tainted": false
                    },
                    "deposed": [],
                    "provider": ""
                },
                "aws_ssm_parameter.sgt_node_secret": {
                    "type": "aws_ssm_parameter",
                    "depends_on": [],
                    "primary": {
                        "id": "sgt_node_secret",
                        "attributes": {
                            "id": "sgt_node_secret",
                            "name": "sgt_node_secret",
                            "overwrite": "true",
                            "type": "SecureString",
                            "value": "test-secret"
                        },
                        "meta": {},
                        "tainted": false
                    },
                    "deposed": [],
                    "provider": ""
                }
            },
            "depends_on": []
        }
    ]
}
